PODS:
  - BButton (3.2.3)
  - JSQSystemSoundPlayer (1.4.0)
  - MJPopupViewController (0.4)
  - SVWebViewController (1.3)

DEPENDENCIES:
  - BButton (= 3.2.3)
  - JSQSystemSoundPlayer (= 1.4.0)
  - MJPopupViewController (= 0.4)
  - SVWebViewController (from `https://github.com/jessesquires/SVWebViewController.git`)

EXTERNAL SOURCES:
  SVWebViewController:
    :git: https://github.com/jessesquires/SVWebViewController.git

SPEC CHECKSUMS:
  BButton: 3aa14643d262a5ca62012462d3e27c6bbe843c85
  JSQSystemSoundPlayer: 2b70470d775d79e666ac58068744cac92268f95f
  MJPopupViewController: b087684832981731f3d11b7a2ae6293a9073e011
  SVWebViewController: 0925b2cc5b6ef8f8565a07a53e800d2872ec405e

COCOAPODS: 0.34.4
