<?xml version="1.0" encoding="UTF-8"?>
<!DOCTYPE plist PUBLIC "-//Apple//DTD PLIST 1.0//EN" "http://www.apple.com/DTDs/PropertyList-1.0.dtd">
<plist version="1.0">
<dict>
	<key>archiveVersion</key>
	<string>1</string>
	<key>classes</key>
	<dict/>
	<key>objectVersion</key>
	<string>46</string>
	<key>objects</key>
	<dict>
		<key>15BEB5205ED14F1DAECAD84B</key>
		<dict>
			<key>fileRef</key>
			<string>C64CE0508C8743EE9C99C0B8</string>
			<key>isa</key>
			<string>PBXBuildFile</string>
		</dict>
		<key>22AB33D0915F85F512BEE54E</key>
		<dict>
			<key>children</key>
			<array>
				<string>90ED55163D4513D78AAA4832</string>
				<string>DA55AC3E96AAEF65EE0AF6F9</string>
			</array>
			<key>isa</key>
			<string>PBXGroup</string>
			<key>name</key>
			<string>Pods</string>
			<key>sourceTree</key>
			<string>&lt;group&gt;</string>
		</dict>
		<key>353BE2BA028148FA88E8360D</key>
		<dict>
			<key>buildActionMask</key>
			<string>2147483647</string>
			<key>files</key>
			<array/>
			<key>inputPaths</key>
			<array/>
			<key>isa</key>
			<string>PBXShellScriptBuildPhase</string>
			<key>name</key>
			<string>Check Pods Manifest.lock</string>
			<key>outputPaths</key>
			<array/>
			<key>runOnlyForDeploymentPostprocessing</key>
			<string>0</string>
			<key>shellPath</key>
			<string>/bin/sh</string>
			<key>shellScript</key>
			<string>diff "${PODS_ROOT}/../Podfile.lock" "${PODS_ROOT}/Manifest.lock" &gt; /dev/null
if [[ $? != 0 ]] ; then
    cat &lt;&lt; EOM
error: The sandbox is not in sync with the Podfile.lock. Run 'pod install' or update your CocoaPods installation.
EOM
    exit 1
fi
</string>
			<key>showEnvVarsInLog</key>
			<string>0</string>
		</dict>
		<key>88353A601874FB7200066E59</key>
		<dict>
			<key>fileEncoding</key>
			<string>4</string>
			<key>isa</key>
			<string>PBXFileReference</string>
			<key>lastKnownFileType</key>
			<string>sourcecode.c.objc</string>
			<key>path</key>
			<string>FFXWelcomeViewController.m</string>
			<key>sourceTree</key>
			<string>&lt;group&gt;</string>
		</dict>
		<key>88353A611874FB7200066E59</key>
		<dict>
			<key>fileEncoding</key>
			<string>4</string>
			<key>isa</key>
			<string>PBXFileReference</string>
			<key>lastKnownFileType</key>
			<string>file.xib</string>
			<key>path</key>
			<string>FFXWelcomeViewController.xib</string>
			<key>sourceTree</key>
			<string>&lt;group&gt;</string>
		</dict>
		<key>88353A621874FB7200066E59</key>
		<dict>
			<key>fileEncoding</key>
			<string>4</string>
			<key>isa</key>
			<string>PBXFileReference</string>
			<key>lastKnownFileType</key>
			<string>sourcecode.c.h</string>
			<key>path</key>
			<string>FFXWelcomeViewController.h</string>
			<key>sourceTree</key>
			<string>&lt;group&gt;</string>
		</dict>
		<key>88353A631874FB7200066E59</key>
		<dict>
			<key>fileRef</key>
			<string>88353A601874FB7200066E59</string>
			<key>isa</key>
			<string>PBXBuildFile</string>
		</dict>
		<key>88353A641874FB7200066E59</key>
		<dict>
			<key>fileRef</key>
			<string>88353A611874FB7200066E59</string>
			<key>isa</key>
			<string>PBXBuildFile</string>
		</dict>
		<key>88353A651874FC9600066E59</key>
		<dict>
			<key>isa</key>
			<string>PBXFileReference</string>
			<key>lastKnownFileType</key>
			<string>wrapper.framework</string>
			<key>name</key>
			<string>QuartzCore.framework</string>
			<key>path</key>
			<string>System/Library/Frameworks/QuartzCore.framework</string>
			<key>sourceTree</key>
			<string>SDKROOT</string>
		</dict>
		<key>88353A661874FC9600066E59</key>
		<dict>
			<key>fileRef</key>
			<string>88353A651874FC9600066E59</string>
			<key>isa</key>
			<string>PBXBuildFile</string>
		</dict>
		<key>88353A6718750C0D00066E59</key>
		<dict>
			<key>fileEncoding</key>
			<string>4</string>
			<key>isa</key>
			<string>PBXFileReference</string>
			<key>lastKnownFileType</key>
			<string>sourcecode.c.h</string>
			<key>path</key>
			<string>UIDevice+FreedomFarts.h</string>
			<key>sourceTree</key>
			<string>&lt;group&gt;</string>
		</dict>
		<key>88353A6818750C0D00066E59</key>
		<dict>
			<key>fileEncoding</key>
			<string>4</string>
			<key>isa</key>
			<string>PBXFileReference</string>
			<key>lastKnownFileType</key>
			<string>sourcecode.c.objc</string>
			<key>path</key>
			<string>UIDevice+FreedomFarts.m</string>
			<key>sourceTree</key>
			<string>&lt;group&gt;</string>
		</dict>
		<key>88353A6918750C0D00066E59</key>
		<dict>
			<key>fileRef</key>
			<string>88353A6818750C0D00066E59</string>
			<key>isa</key>
			<string>PBXBuildFile</string>
		</dict>
		<key>88353A6A1875105900066E59</key>
		<dict>
			<key>fileEncoding</key>
			<string>4</string>
			<key>isa</key>
			<string>PBXFileReference</string>
			<key>lastKnownFileType</key>
			<string>sourcecode.c.h</string>
			<key>path</key>
			<string>UIView+FreedomFarts.h</string>
			<key>sourceTree</key>
			<string>&lt;group&gt;</string>
		</dict>
		<key>88353A6B1875105900066E59</key>
		<dict>
			<key>fileEncoding</key>
			<string>4</string>
			<key>isa</key>
			<string>PBXFileReference</string>
			<key>lastKnownFileType</key>
			<string>sourcecode.c.objc</string>
			<key>path</key>
			<string>UIView+FreedomFarts.m</string>
			<key>sourceTree</key>
			<string>&lt;group&gt;</string>
		</dict>
		<key>88353A6C1875105900066E59</key>
		<dict>
			<key>fileRef</key>
			<string>88353A6B1875105900066E59</string>
			<key>isa</key>
			<string>PBXBuildFile</string>
		</dict>
		<key>88353A6D1876857100066E59</key>
		<dict>
			<key>isa</key>
			<string>PBXFileReference</string>
			<key>lastKnownFileType</key>
			<string>audio.wav</string>
			<key>path</key>
			<string>fart-high.wav</string>
			<key>sourceTree</key>
			<string>&lt;group&gt;</string>
		</dict>
		<key>88353A6E1876857100066E59</key>
		<dict>
			<key>isa</key>
			<string>PBXFileReference</string>
			<key>lastKnownFileType</key>
			<string>audio.wav</string>
			<key>path</key>
			<string>fart-long.wav</string>
			<key>sourceTree</key>
			<string>&lt;group&gt;</string>
		</dict>
		<key>88353A6F1876857100066E59</key>
		<dict>
			<key>isa</key>
			<string>PBXFileReference</string>
			<key>lastKnownFileType</key>
			<string>audio.wav</string>
			<key>path</key>
			<string>fart-low.wav</string>
			<key>sourceTree</key>
			<string>&lt;group&gt;</string>
		</dict>
		<key>88353A701876857100066E59</key>
		<dict>
			<key>isa</key>
			<string>PBXFileReference</string>
			<key>lastKnownFileType</key>
			<string>audio.wav</string>
			<key>path</key>
			<string>fart-short.wav</string>
			<key>sourceTree</key>
			<string>&lt;group&gt;</string>
		</dict>
		<key>88353A711876857100066E59</key>
		<dict>
			<key>fileRef</key>
			<string>88353A6D1876857100066E59</string>
			<key>isa</key>
			<string>PBXBuildFile</string>
		</dict>
		<key>88353A721876857100066E59</key>
		<dict>
			<key>fileRef</key>
			<string>88353A6E1876857100066E59</string>
			<key>isa</key>
			<string>PBXBuildFile</string>
		</dict>
		<key>88353A731876857100066E59</key>
		<dict>
			<key>fileRef</key>
			<string>88353A6F1876857100066E59</string>
			<key>isa</key>
			<string>PBXBuildFile</string>
		</dict>
		<key>88353A741876857100066E59</key>
		<dict>
			<key>fileRef</key>
			<string>88353A701876857100066E59</string>
			<key>isa</key>
			<string>PBXBuildFile</string>
		</dict>
		<key>88353A751876870900066E59</key>
		<dict>
			<key>isa</key>
			<string>PBXFileReference</string>
			<key>lastKnownFileType</key>
			<string>wrapper.framework</string>
			<key>name</key>
			<string>Social.framework</string>
			<key>path</key>
			<string>System/Library/Frameworks/Social.framework</string>
			<key>sourceTree</key>
			<string>SDKROOT</string>
		</dict>
		<key>88353A761876870A00066E59</key>
		<dict>
			<key>fileRef</key>
			<string>88353A751876870900066E59</string>
			<key>isa</key>
			<string>PBXBuildFile</string>
		</dict>
		<key>88353A771876882200066E59</key>
		<dict>
			<key>fileEncoding</key>
			<string>4</string>
			<key>isa</key>
			<string>PBXFileReference</string>
			<key>lastKnownFileType</key>
			<string>sourcecode.c.h</string>
			<key>path</key>
			<string>UIAlertView+FreedomFarts.h</string>
			<key>sourceTree</key>
			<string>&lt;group&gt;</string>
		</dict>
		<key>88353A781876882200066E59</key>
		<dict>
			<key>fileEncoding</key>
			<string>4</string>
			<key>isa</key>
			<string>PBXFileReference</string>
			<key>lastKnownFileType</key>
			<string>sourcecode.c.objc</string>
			<key>path</key>
			<string>UIAlertView+FreedomFarts.m</string>
			<key>sourceTree</key>
			<string>&lt;group&gt;</string>
		</dict>
		<key>88353A791876882200066E59</key>
		<dict>
			<key>fileRef</key>
			<string>88353A781876882200066E59</string>
			<key>isa</key>
			<string>PBXBuildFile</string>
		</dict>
		<key>88353A7A1876A21C00066E59</key>
		<dict>
			<key>fileEncoding</key>
			<string>4</string>
			<key>isa</key>
			<string>PBXFileReference</string>
			<key>lastKnownFileType</key>
			<string>sourcecode.c.h</string>
			<key>path</key>
			<string>UIImage+FreedomFarts.h</string>
			<key>sourceTree</key>
			<string>&lt;group&gt;</string>
		</dict>
		<key>88353A7B1876A21C00066E59</key>
		<dict>
			<key>fileEncoding</key>
			<string>4</string>
			<key>isa</key>
			<string>PBXFileReference</string>
			<key>lastKnownFileType</key>
			<string>sourcecode.c.objc</string>
			<key>path</key>
			<string>UIImage+FreedomFarts.m</string>
			<key>sourceTree</key>
			<string>&lt;group&gt;</string>
		</dict>
		<key>88353A7C1876A21C00066E59</key>
		<dict>
			<key>fileRef</key>
			<string>88353A7B1876A21C00066E59</string>
			<key>isa</key>
			<string>PBXBuildFile</string>
		</dict>
		<key>88353A7D1876A41D00066E59</key>
		<dict>
			<key>isa</key>
			<string>PBXFileReference</string>
			<key>lastKnownFileType</key>
			<string>wrapper.framework</string>
			<key>name</key>
			<string>Accelerate.framework</string>
			<key>path</key>
			<string>System/Library/Frameworks/Accelerate.framework</string>
			<key>sourceTree</key>
			<string>SDKROOT</string>
		</dict>
		<key>88353A7E1876A41D00066E59</key>
		<dict>
			<key>fileRef</key>
			<string>88353A7D1876A41D00066E59</string>
			<key>isa</key>
			<string>PBXBuildFile</string>
		</dict>
		<key>8855999E186E14C600E310DD</key>
		<dict>
			<key>fileEncoding</key>
			<string>4</string>
			<key>isa</key>
			<string>PBXFileReference</string>
			<key>lastKnownFileType</key>
			<string>sourcecode.c.h</string>
			<key>path</key>
			<string>UIColor+FreedomFarts.h</string>
			<key>sourceTree</key>
			<string>&lt;group&gt;</string>
		</dict>
		<key>8855999F186E14C600E310DD</key>
		<dict>
			<key>fileEncoding</key>
			<string>4</string>
			<key>isa</key>
			<string>PBXFileReference</string>
			<key>lastKnownFileType</key>
			<string>sourcecode.c.objc</string>
			<key>path</key>
			<string>UIColor+FreedomFarts.m</string>
			<key>sourceTree</key>
			<string>&lt;group&gt;</string>
		</dict>
		<key>885599A0186E14C600E310DD</key>
		<dict>
			<key>fileRef</key>
			<string>8855999F186E14C600E310DD</string>
			<key>isa</key>
			<string>PBXBuildFile</string>
		</dict>
		<key>887A87D818837CCA000ED7A9</key>
		<dict>
			<key>fileEncoding</key>
			<string>4</string>
			<key>isa</key>
			<string>PBXFileReference</string>
			<key>lastKnownFileType</key>
			<string>sourcecode.c.h</string>
			<key>path</key>
			<string>FFXButtonAnimator.h</string>
			<key>sourceTree</key>
			<string>&lt;group&gt;</string>
		</dict>
		<key>887A87D918837CCA000ED7A9</key>
		<dict>
			<key>fileEncoding</key>
			<string>4</string>
			<key>isa</key>
			<string>PBXFileReference</string>
			<key>lastKnownFileType</key>
			<string>sourcecode.c.objc</string>
			<key>path</key>
			<string>FFXButtonAnimator.m</string>
			<key>sourceTree</key>
			<string>&lt;group&gt;</string>
		</dict>
		<key>887A87DA18837CCA000ED7A9</key>
		<dict>
			<key>fileRef</key>
			<string>887A87D918837CCA000ED7A9</string>
			<key>isa</key>
			<string>PBXBuildFile</string>
		</dict>
		<key>88F86ECE186CBF85001FC35E</key>
		<dict>
			<key>children</key>
			<array>
				<string>88F86EE0186CBF85001FC35E</string>
				<string>88F86F02186CBF85001FC35E</string>
				<string>88F86ED9186CBF85001FC35E</string>
				<string>88F86ED8186CBF85001FC35E</string>
				<string>22AB33D0915F85F512BEE54E</string>
			</array>
			<key>isa</key>
			<string>PBXGroup</string>
			<key>sourceTree</key>
			<string>&lt;group&gt;</string>
		</dict>
		<key>88F86ECF186CBF85001FC35E</key>
		<dict>
			<key>attributes</key>
			<dict>
				<key>CLASSPREFIX</key>
				<string>FFX</string>
				<key>LastUpgradeCheck</key>
				<string>0610</string>
				<key>ORGANIZATIONNAME</key>
				<string>Hexed Bits</string>
				<key>TargetAttributes</key>
				<dict>
					<key>88F86ED6186CBF85001FC35E</key>
					<dict>
						<key>DevelopmentTeam</key>
						<string>5VRJU68BZ5</string>
					</dict>
					<key>88F86EFA186CBF85001FC35E</key>
					<dict>
						<key>TestTargetID</key>
						<string>88F86ED6186CBF85001FC35E</string>
					</dict>
				</dict>
			</dict>
			<key>buildConfigurationList</key>
			<string>88F86ED2186CBF85001FC35E</string>
			<key>compatibilityVersion</key>
			<string>Xcode 3.2</string>
			<key>developmentRegion</key>
			<string>English</string>
			<key>hasScannedForEncodings</key>
			<string>0</string>
			<key>isa</key>
			<string>PBXProject</string>
			<key>knownRegions</key>
			<array>
				<string>en</string>
				<string>Base</string>
			</array>
			<key>mainGroup</key>
			<string>88F86ECE186CBF85001FC35E</string>
			<key>productRefGroup</key>
			<string>88F86ED8186CBF85001FC35E</string>
			<key>projectDirPath</key>
			<string></string>
			<key>projectReferences</key>
			<array/>
			<key>projectRoot</key>
			<string></string>
			<key>targets</key>
			<array>
				<string>88F86ED6186CBF85001FC35E</string>
				<string>88F86EFA186CBF85001FC35E</string>
			</array>
		</dict>
		<key>88F86ED2186CBF85001FC35E</key>
		<dict>
			<key>buildConfigurations</key>
			<array>
				<string>88F86F0A186CBF85001FC35E</string>
				<string>88F86F0B186CBF85001FC35E</string>
			</array>
			<key>defaultConfigurationIsVisible</key>
			<string>0</string>
			<key>defaultConfigurationName</key>
			<string>Release</string>
			<key>isa</key>
			<string>XCConfigurationList</string>
		</dict>
		<key>88F86ED3186CBF85001FC35E</key>
		<dict>
			<key>buildActionMask</key>
			<string>2147483647</string>
			<key>files</key>
			<array>
				<string>88353A631874FB7200066E59</string>
				<string>88F86EF4186CBF85001FC35E</string>
				<string>88F86EE7186CBF85001FC35E</string>
				<string>88353A791876882200066E59</string>
				<string>88F86EEB186CBF85001FC35E</string>
				<string>88353A6C1875105900066E59</string>
				<string>885599A0186E14C600E310DD</string>
				<string>88353A7C1876A21C00066E59</string>
				<string>88353A6918750C0D00066E59</string>
				<string>887A87DA18837CCA000ED7A9</string>
			</array>
			<key>isa</key>
			<string>PBXSourcesBuildPhase</string>
			<key>runOnlyForDeploymentPostprocessing</key>
			<string>0</string>
		</dict>
		<key>88F86ED4186CBF85001FC35E</key>
		<dict>
			<key>buildActionMask</key>
			<string>2147483647</string>
			<key>files</key>
			<array>
				<string>88353A7E1876A41D00066E59</string>
				<string>88353A761876870A00066E59</string>
				<string>88353A661874FC9600066E59</string>
				<string>88F86EDD186CBF85001FC35E</string>
				<string>88F86EDF186CBF85001FC35E</string>
				<string>88F86EDB186CBF85001FC35E</string>
				<string>15BEB5205ED14F1DAECAD84B</string>
			</array>
			<key>isa</key>
			<string>PBXFrameworksBuildPhase</string>
			<key>runOnlyForDeploymentPostprocessing</key>
			<string>0</string>
		</dict>
		<key>88F86ED5186CBF85001FC35E</key>
		<dict>
			<key>buildActionMask</key>
			<string>2147483647</string>
			<key>files</key>
			<array>
				<string>88353A741876857100066E59</string>
				<string>88F86F1A186CE600001FC35E</string>
				<string>88F86F1C186CE600001FC35E</string>
				<string>88F86F19186CE600001FC35E</string>
				<string>88353A721876857100066E59</string>
				<string>88353A641874FB7200066E59</string>
				<string>88F86EF6186CBF85001FC35E</string>
				<string>88353A711876857100066E59</string>
				<string>88F86F1D186CE600001FC35E</string>
				<string>88F86EEE186CBF85001FC35E</string>
				<string>88F86EE5186CBF85001FC35E</string>
				<string>88F86F1E186CE600001FC35E</string>
				<string>88353A731876857100066E59</string>
				<string>88F86F1B186CE600001FC35E</string>
			</array>
			<key>isa</key>
			<string>PBXResourcesBuildPhase</string>
			<key>runOnlyForDeploymentPostprocessing</key>
			<string>0</string>
		</dict>
		<key>88F86ED6186CBF85001FC35E</key>
		<dict>
			<key>buildConfigurationList</key>
			<string>88F86F0C186CBF85001FC35E</string>
			<key>buildPhases</key>
			<array>
				<string>353BE2BA028148FA88E8360D</string>
				<string>88F86ED3186CBF85001FC35E</string>
				<string>88F86ED4186CBF85001FC35E</string>
				<string>88F86ED5186CBF85001FC35E</string>
				<string>DCFBD318ED15448EB995809C</string>
			</array>
			<key>buildRules</key>
			<array/>
			<key>dependencies</key>
			<array/>
			<key>isa</key>
			<string>PBXNativeTarget</string>
			<key>name</key>
			<string>Freedom Farts</string>
			<key>productName</key>
			<string>Freedom Farts</string>
			<key>productReference</key>
			<string>88F86ED7186CBF85001FC35E</string>
			<key>productType</key>
			<string>com.apple.product-type.application</string>
		</dict>
		<key>88F86ED7186CBF85001FC35E</key>
		<dict>
			<key>explicitFileType</key>
			<string>wrapper.application</string>
			<key>includeInIndex</key>
			<string>0</string>
			<key>isa</key>
			<string>PBXFileReference</string>
			<key>path</key>
			<string>Freedom Farts.app</string>
			<key>sourceTree</key>
			<string>BUILT_PRODUCTS_DIR</string>
		</dict>
		<key>88F86ED8186CBF85001FC35E</key>
		<dict>
			<key>children</key>
			<array>
				<string>88F86ED7186CBF85001FC35E</string>
				<string>88F86EFB186CBF85001FC35E</string>
			</array>
			<key>isa</key>
			<string>PBXGroup</string>
			<key>name</key>
			<string>Products</string>
			<key>sourceTree</key>
			<string>&lt;group&gt;</string>
		</dict>
		<key>88F86ED9186CBF85001FC35E</key>
		<dict>
			<key>children</key>
			<array>
				<string>88353A7D1876A41D00066E59</string>
				<string>88F86EDC186CBF85001FC35E</string>
				<string>88F86EDA186CBF85001FC35E</string>
				<string>C64CE0508C8743EE9C99C0B8</string>
				<string>88353A651874FC9600066E59</string>
				<string>88353A751876870900066E59</string>
				<string>88F86EDE186CBF85001FC35E</string>
				<string>88F86EFC186CBF85001FC35E</string>
			</array>
			<key>isa</key>
			<string>PBXGroup</string>
			<key>name</key>
			<string>Frameworks</string>
			<key>sourceTree</key>
			<string>&lt;group&gt;</string>
		</dict>
		<key>88F86EDA186CBF85001FC35E</key>
		<dict>
			<key>isa</key>
			<string>PBXFileReference</string>
			<key>lastKnownFileType</key>
			<string>wrapper.framework</string>
			<key>name</key>
			<string>Foundation.framework</string>
			<key>path</key>
			<string>System/Library/Frameworks/Foundation.framework</string>
			<key>sourceTree</key>
			<string>SDKROOT</string>
		</dict>
		<key>88F86EDB186CBF85001FC35E</key>
		<dict>
			<key>fileRef</key>
			<string>88F86EDA186CBF85001FC35E</string>
			<key>isa</key>
			<string>PBXBuildFile</string>
		</dict>
		<key>88F86EDC186CBF85001FC35E</key>
		<dict>
			<key>isa</key>
			<string>PBXFileReference</string>
			<key>lastKnownFileType</key>
			<string>wrapper.framework</string>
			<key>name</key>
			<string>CoreGraphics.framework</string>
			<key>path</key>
			<string>System/Library/Frameworks/CoreGraphics.framework</string>
			<key>sourceTree</key>
			<string>SDKROOT</string>
		</dict>
		<key>88F86EDD186CBF85001FC35E</key>
		<dict>
			<key>fileRef</key>
			<string>88F86EDC186CBF85001FC35E</string>
			<key>isa</key>
			<string>PBXBuildFile</string>
		</dict>
		<key>88F86EDE186CBF85001FC35E</key>
		<dict>
			<key>isa</key>
			<string>PBXFileReference</string>
			<key>lastKnownFileType</key>
			<string>wrapper.framework</string>
			<key>name</key>
			<string>UIKit.framework</string>
			<key>path</key>
			<string>System/Library/Frameworks/UIKit.framework</string>
			<key>sourceTree</key>
			<string>SDKROOT</string>
		</dict>
		<key>88F86EDF186CBF85001FC35E</key>
		<dict>
			<key>fileRef</key>
			<string>88F86EDE186CBF85001FC35E</string>
			<key>isa</key>
			<string>PBXBuildFile</string>
		</dict>
		<key>88F86EE0186CBF85001FC35E</key>
		<dict>
			<key>children</key>
			<array>
				<string>88F86EE9186CBF85001FC35E</string>
				<string>88F86EEA186CBF85001FC35E</string>
				<string>887A87D818837CCA000ED7A9</string>
				<string>887A87D918837CCA000ED7A9</string>
				<string>88F86EF2186CBF85001FC35E</string>
				<string>88F86EF3186CBF85001FC35E</string>
				<string>88353A621874FB7200066E59</string>
				<string>88353A601874FB7200066E59</string>
				<string>88353A611874FB7200066E59</string>
				<string>88F86EF5186CBF85001FC35E</string>
				<string>88F86EEC186CBF85001FC35E</string>
				<string>88F86F12186CE600001FC35E</string>
				<string>88F86EE1186CBF85001FC35E</string>
				<string>88353A771876882200066E59</string>
				<string>88353A781876882200066E59</string>
				<string>8855999E186E14C600E310DD</string>
				<string>8855999F186E14C600E310DD</string>
				<string>88353A6718750C0D00066E59</string>
				<string>88353A6818750C0D00066E59</string>
				<string>88353A7A1876A21C00066E59</string>
				<string>88353A7B1876A21C00066E59</string>
				<string>88353A6A1875105900066E59</string>
				<string>88353A6B1875105900066E59</string>
			</array>
			<key>isa</key>
			<string>PBXGroup</string>
			<key>path</key>
			<string>Freedom Farts</string>
			<key>sourceTree</key>
			<string>&lt;group&gt;</string>
		</dict>
		<key>88F86EE1186CBF85001FC35E</key>
		<dict>
			<key>children</key>
			<array>
				<string>88F86EE2186CBF85001FC35E</string>
				<string>88F86EE3186CBF85001FC35E</string>
				<string>88F86EE6186CBF85001FC35E</string>
				<string>88F86EE8186CBF85001FC35E</string>
			</array>
			<key>isa</key>
			<string>PBXGroup</string>
			<key>name</key>
			<string>Supporting Files</string>
			<key>sourceTree</key>
			<string>&lt;group&gt;</string>
		</dict>
		<key>88F86EE2186CBF85001FC35E</key>
		<dict>
			<key>isa</key>
			<string>PBXFileReference</string>
			<key>lastKnownFileType</key>
			<string>text.plist.xml</string>
			<key>path</key>
			<string>Freedom Farts-Info.plist</string>
			<key>sourceTree</key>
			<string>&lt;group&gt;</string>
		</dict>
		<key>88F86EE3186CBF85001FC35E</key>
		<dict>
			<key>children</key>
			<array>
				<string>88F86EE4186CBF85001FC35E</string>
			</array>
			<key>isa</key>
			<string>PBXVariantGroup</string>
			<key>name</key>
			<string>InfoPlist.strings</string>
			<key>sourceTree</key>
			<string>&lt;group&gt;</string>
		</dict>
		<key>88F86EE4186CBF85001FC35E</key>
		<dict>
			<key>isa</key>
			<string>PBXFileReference</string>
			<key>lastKnownFileType</key>
			<string>text.plist.strings</string>
			<key>name</key>
			<string>en</string>
			<key>path</key>
			<string>en.lproj/InfoPlist.strings</string>
			<key>sourceTree</key>
			<string>&lt;group&gt;</string>
		</dict>
		<key>88F86EE5186CBF85001FC35E</key>
		<dict>
			<key>fileRef</key>
			<string>88F86EE3186CBF85001FC35E</string>
			<key>isa</key>
			<string>PBXBuildFile</string>
		</dict>
		<key>88F86EE6186CBF85001FC35E</key>
		<dict>
			<key>isa</key>
			<string>PBXFileReference</string>
			<key>lastKnownFileType</key>
			<string>sourcecode.c.objc</string>
			<key>path</key>
			<string>main.m</string>
			<key>sourceTree</key>
			<string>&lt;group&gt;</string>
		</dict>
		<key>88F86EE7186CBF85001FC35E</key>
		<dict>
			<key>fileRef</key>
			<string>88F86EE6186CBF85001FC35E</string>
			<key>isa</key>
			<string>PBXBuildFile</string>
		</dict>
		<key>88F86EE8186CBF85001FC35E</key>
		<dict>
			<key>isa</key>
			<string>PBXFileReference</string>
			<key>lastKnownFileType</key>
			<string>sourcecode.c.h</string>
			<key>path</key>
			<string>Freedom Farts-Prefix.pch</string>
			<key>sourceTree</key>
			<string>&lt;group&gt;</string>
		</dict>
		<key>88F86EE9186CBF85001FC35E</key>
		<dict>
			<key>isa</key>
			<string>PBXFileReference</string>
			<key>lastKnownFileType</key>
			<string>sourcecode.c.h</string>
			<key>path</key>
			<string>FFXAppDelegate.h</string>
			<key>sourceTree</key>
			<string>&lt;group&gt;</string>
		</dict>
		<key>88F86EEA186CBF85001FC35E</key>
		<dict>
			<key>isa</key>
			<string>PBXFileReference</string>
			<key>lastKnownFileType</key>
			<string>sourcecode.c.objc</string>
			<key>path</key>
			<string>FFXAppDelegate.m</string>
			<key>sourceTree</key>
			<string>&lt;group&gt;</string>
		</dict>
		<key>88F86EEB186CBF85001FC35E</key>
		<dict>
			<key>fileRef</key>
			<string>88F86EEA186CBF85001FC35E</string>
			<key>isa</key>
			<string>PBXBuildFile</string>
		</dict>
		<key>88F86EEC186CBF85001FC35E</key>
		<dict>
			<key>children</key>
			<array>
				<string>88F86EED186CBF85001FC35E</string>
			</array>
			<key>isa</key>
			<string>PBXVariantGroup</string>
			<key>name</key>
			<string>Main.storyboard</string>
			<key>sourceTree</key>
			<string>&lt;group&gt;</string>
		</dict>
		<key>88F86EED186CBF85001FC35E</key>
		<dict>
			<key>isa</key>
			<string>PBXFileReference</string>
			<key>lastKnownFileType</key>
			<string>file.storyboard</string>
			<key>name</key>
			<string>Base</string>
			<key>path</key>
			<string>Base.lproj/Main.storyboard</string>
			<key>sourceTree</key>
			<string>&lt;group&gt;</string>
		</dict>
		<key>88F86EEE186CBF85001FC35E</key>
		<dict>
			<key>fileRef</key>
			<string>88F86EEC186CBF85001FC35E</string>
			<key>isa</key>
			<string>PBXBuildFile</string>
		</dict>
		<key>88F86EF2186CBF85001FC35E</key>
		<dict>
			<key>isa</key>
			<string>PBXFileReference</string>
			<key>lastKnownFileType</key>
			<string>sourcecode.c.h</string>
			<key>path</key>
			<string>FFXViewController.h</string>
			<key>sourceTree</key>
			<string>&lt;group&gt;</string>
		</dict>
		<key>88F86EF3186CBF85001FC35E</key>
		<dict>
			<key>isa</key>
			<string>PBXFileReference</string>
			<key>lastKnownFileType</key>
			<string>sourcecode.c.objc</string>
			<key>path</key>
			<string>FFXViewController.m</string>
			<key>sourceTree</key>
			<string>&lt;group&gt;</string>
		</dict>
		<key>88F86EF4186CBF85001FC35E</key>
		<dict>
			<key>fileRef</key>
			<string>88F86EF3186CBF85001FC35E</string>
			<key>isa</key>
			<string>PBXBuildFile</string>
		</dict>
		<key>88F86EF5186CBF85001FC35E</key>
		<dict>
			<key>isa</key>
			<string>PBXFileReference</string>
			<key>lastKnownFileType</key>
			<string>folder.assetcatalog</string>
			<key>path</key>
			<string>Images.xcassets</string>
			<key>sourceTree</key>
			<string>&lt;group&gt;</string>
		</dict>
		<key>88F86EF6186CBF85001FC35E</key>
		<dict>
			<key>fileRef</key>
			<string>88F86EF5186CBF85001FC35E</string>
			<key>isa</key>
			<string>PBXBuildFile</string>
		</dict>
		<key>88F86EF7186CBF85001FC35E</key>
		<dict>
			<key>buildActionMask</key>
			<string>2147483647</string>
			<key>files</key>
			<array>
				<string>88F86F09186CBF85001FC35E</string>
			</array>
			<key>isa</key>
			<string>PBXSourcesBuildPhase</string>
			<key>runOnlyForDeploymentPostprocessing</key>
			<string>0</string>
		</dict>
		<key>88F86EF8186CBF85001FC35E</key>
		<dict>
			<key>buildActionMask</key>
			<string>2147483647</string>
			<key>files</key>
			<array>
				<string>88F86EFD186CBF85001FC35E</string>
				<string>88F86EFF186CBF85001FC35E</string>
				<string>88F86EFE186CBF85001FC35E</string>
			</array>
			<key>isa</key>
			<string>PBXFrameworksBuildPhase</string>
			<key>runOnlyForDeploymentPostprocessing</key>
			<string>0</string>
		</dict>
		<key>88F86EF9186CBF85001FC35E</key>
		<dict>
			<key>buildActionMask</key>
			<string>2147483647</string>
			<key>files</key>
			<array>
				<string>88F86F07186CBF85001FC35E</string>
			</array>
			<key>isa</key>
			<string>PBXResourcesBuildPhase</string>
			<key>runOnlyForDeploymentPostprocessing</key>
			<string>0</string>
		</dict>
		<key>88F86EFA186CBF85001FC35E</key>
		<dict>
			<key>buildConfigurationList</key>
			<string>88F86F0F186CBF85001FC35E</string>
			<key>buildPhases</key>
			<array>
				<string>88F86EF7186CBF85001FC35E</string>
				<string>88F86EF8186CBF85001FC35E</string>
				<string>88F86EF9186CBF85001FC35E</string>
			</array>
			<key>buildRules</key>
			<array/>
			<key>dependencies</key>
			<array>
				<string>88F86F01186CBF85001FC35E</string>
			</array>
			<key>isa</key>
			<string>PBXNativeTarget</string>
			<key>name</key>
			<string>Freedom FartsTests</string>
			<key>productName</key>
			<string>Freedom FartsTests</string>
			<key>productReference</key>
			<string>88F86EFB186CBF85001FC35E</string>
			<key>productType</key>
			<string>com.apple.product-type.bundle.unit-test</string>
		</dict>
		<key>88F86EFB186CBF85001FC35E</key>
		<dict>
			<key>explicitFileType</key>
			<string>wrapper.cfbundle</string>
			<key>includeInIndex</key>
			<string>0</string>
			<key>isa</key>
			<string>PBXFileReference</string>
			<key>path</key>
			<string>Freedom FartsTests.xctest</string>
			<key>sourceTree</key>
			<string>BUILT_PRODUCTS_DIR</string>
		</dict>
		<key>88F86EFC186CBF85001FC35E</key>
		<dict>
			<key>isa</key>
			<string>PBXFileReference</string>
			<key>lastKnownFileType</key>
			<string>wrapper.framework</string>
			<key>name</key>
			<string>XCTest.framework</string>
			<key>path</key>
			<string>Library/Frameworks/XCTest.framework</string>
			<key>sourceTree</key>
			<string>DEVELOPER_DIR</string>
		</dict>
		<key>88F86EFD186CBF85001FC35E</key>
		<dict>
			<key>fileRef</key>
			<string>88F86EFC186CBF85001FC35E</string>
			<key>isa</key>
			<string>PBXBuildFile</string>
		</dict>
		<key>88F86EFE186CBF85001FC35E</key>
		<dict>
			<key>fileRef</key>
			<string>88F86EDA186CBF85001FC35E</string>
			<key>isa</key>
			<string>PBXBuildFile</string>
		</dict>
		<key>88F86EFF186CBF85001FC35E</key>
		<dict>
			<key>fileRef</key>
			<string>88F86EDE186CBF85001FC35E</string>
			<key>isa</key>
			<string>PBXBuildFile</string>
		</dict>
		<key>88F86F00186CBF85001FC35E</key>
		<dict>
			<key>containerPortal</key>
			<string>88F86ECF186CBF85001FC35E</string>
			<key>isa</key>
			<string>PBXContainerItemProxy</string>
			<key>proxyType</key>
			<string>1</string>
			<key>remoteGlobalIDString</key>
			<string>88F86ED6186CBF85001FC35E</string>
			<key>remoteInfo</key>
			<string>Freedom Farts</string>
		</dict>
		<key>88F86F01186CBF85001FC35E</key>
		<dict>
			<key>isa</key>
			<string>PBXTargetDependency</string>
			<key>target</key>
			<string>88F86ED6186CBF85001FC35E</string>
			<key>targetProxy</key>
			<string>88F86F00186CBF85001FC35E</string>
		</dict>
		<key>88F86F02186CBF85001FC35E</key>
		<dict>
			<key>children</key>
			<array>
				<string>88F86F08186CBF85001FC35E</string>
				<string>88F86F03186CBF85001FC35E</string>
			</array>
			<key>isa</key>
			<string>PBXGroup</string>
			<key>path</key>
			<string>Freedom FartsTests</string>
			<key>sourceTree</key>
			<string>&lt;group&gt;</string>
		</dict>
		<key>88F86F03186CBF85001FC35E</key>
		<dict>
			<key>children</key>
			<array>
				<string>88F86F04186CBF85001FC35E</string>
				<string>88F86F05186CBF85001FC35E</string>
			</array>
			<key>isa</key>
			<string>PBXGroup</string>
			<key>name</key>
			<string>Supporting Files</string>
			<key>sourceTree</key>
			<string>&lt;group&gt;</string>
		</dict>
		<key>88F86F04186CBF85001FC35E</key>
		<dict>
			<key>isa</key>
			<string>PBXFileReference</string>
			<key>lastKnownFileType</key>
			<string>text.plist.xml</string>
			<key>path</key>
			<string>Freedom FartsTests-Info.plist</string>
			<key>sourceTree</key>
			<string>&lt;group&gt;</string>
		</dict>
		<key>88F86F05186CBF85001FC35E</key>
		<dict>
			<key>children</key>
			<array>
				<string>88F86F06186CBF85001FC35E</string>
			</array>
			<key>isa</key>
			<string>PBXVariantGroup</string>
			<key>name</key>
			<string>InfoPlist.strings</string>
			<key>sourceTree</key>
			<string>&lt;group&gt;</string>
		</dict>
		<key>88F86F06186CBF85001FC35E</key>
		<dict>
			<key>isa</key>
			<string>PBXFileReference</string>
			<key>lastKnownFileType</key>
			<string>text.plist.strings</string>
			<key>name</key>
			<string>en</string>
			<key>path</key>
			<string>en.lproj/InfoPlist.strings</string>
			<key>sourceTree</key>
			<string>&lt;group&gt;</string>
		</dict>
		<key>88F86F07186CBF85001FC35E</key>
		<dict>
			<key>fileRef</key>
			<string>88F86F05186CBF85001FC35E</string>
			<key>isa</key>
			<string>PBXBuildFile</string>
		</dict>
		<key>88F86F08186CBF85001FC35E</key>
		<dict>
			<key>isa</key>
			<string>PBXFileReference</string>
			<key>lastKnownFileType</key>
			<string>sourcecode.c.objc</string>
			<key>path</key>
			<string>Freedom_FartsTests.m</string>
			<key>sourceTree</key>
			<string>&lt;group&gt;</string>
		</dict>
		<key>88F86F09186CBF85001FC35E</key>
		<dict>
			<key>fileRef</key>
			<string>88F86F08186CBF85001FC35E</string>
			<key>isa</key>
			<string>PBXBuildFile</string>
		</dict>
		<key>88F86F0A186CBF85001FC35E</key>
		<dict>
			<key>buildSettings</key>
			<dict>
				<key>ALWAYS_SEARCH_USER_PATHS</key>
				<string>NO</string>
				<key>CLANG_CXX_LANGUAGE_STANDARD</key>
				<string>gnu++0x</string>
				<key>CLANG_CXX_LIBRARY</key>
				<string>libc++</string>
				<key>CLANG_ENABLE_MODULES</key>
				<string>YES</string>
				<key>CLANG_ENABLE_OBJC_ARC</key>
				<string>YES</string>
				<key>CLANG_WARN_BOOL_CONVERSION</key>
				<string>YES</string>
				<key>CLANG_WARN_CONSTANT_CONVERSION</key>
				<string>YES</string>
				<key>CLANG_WARN_DIRECT_OBJC_ISA_USAGE</key>
				<string>YES_ERROR</string>
				<key>CLANG_WARN_EMPTY_BODY</key>
				<string>YES</string>
				<key>CLANG_WARN_ENUM_CONVERSION</key>
				<string>YES</string>
				<key>CLANG_WARN_INT_CONVERSION</key>
				<string>YES</string>
				<key>CLANG_WARN_OBJC_ROOT_CLASS</key>
				<string>YES_ERROR</string>
				<key>CLANG_WARN__DUPLICATE_METHOD_MATCH</key>
				<string>YES</string>
				<key>CODE_SIGN_IDENTITY[sdk=iphoneos*]</key>
				<string>iPhone Developer</string>
				<key>COPY_PHASE_STRIP</key>
				<string>NO</string>
				<key>GCC_C_LANGUAGE_STANDARD</key>
				<string>gnu99</string>
				<key>GCC_DYNAMIC_NO_PIC</key>
				<string>NO</string>
				<key>GCC_OPTIMIZATION_LEVEL</key>
				<string>0</string>
				<key>GCC_PREPROCESSOR_DEFINITIONS</key>
				<array>
					<string>DEBUG=1</string>
					<string>$(inherited)</string>
				</array>
				<key>GCC_SYMBOLS_PRIVATE_EXTERN</key>
				<string>NO</string>
				<key>GCC_WARN_64_TO_32_BIT_CONVERSION</key>
				<string>YES</string>
				<key>GCC_WARN_ABOUT_RETURN_TYPE</key>
				<string>YES_ERROR</string>
				<key>GCC_WARN_UNDECLARED_SELECTOR</key>
				<string>YES</string>
				<key>GCC_WARN_UNINITIALIZED_AUTOS</key>
				<string>YES</string>
				<key>GCC_WARN_UNUSED_FUNCTION</key>
				<string>YES</string>
				<key>GCC_WARN_UNUSED_VARIABLE</key>
				<string>YES</string>
				<key>IPHONEOS_DEPLOYMENT_TARGET</key>
				<string>7.0</string>
				<key>ONLY_ACTIVE_ARCH</key>
				<string>YES</string>
				<key>SDKROOT</key>
				<string>iphoneos</string>
				<key>TARGETED_DEVICE_FAMILY</key>
				<string>1,2</string>
			</dict>
			<key>isa</key>
			<string>XCBuildConfiguration</string>
			<key>name</key>
			<string>Debug</string>
		</dict>
		<key>88F86F0B186CBF85001FC35E</key>
		<dict>
			<key>buildSettings</key>
			<dict>
				<key>ALWAYS_SEARCH_USER_PATHS</key>
				<string>NO</string>
				<key>CLANG_CXX_LANGUAGE_STANDARD</key>
				<string>gnu++0x</string>
				<key>CLANG_CXX_LIBRARY</key>
				<string>libc++</string>
				<key>CLANG_ENABLE_MODULES</key>
				<string>YES</string>
				<key>CLANG_ENABLE_OBJC_ARC</key>
				<string>YES</string>
				<key>CLANG_WARN_BOOL_CONVERSION</key>
				<string>YES</string>
				<key>CLANG_WARN_CONSTANT_CONVERSION</key>
				<string>YES</string>
				<key>CLANG_WARN_DIRECT_OBJC_ISA_USAGE</key>
				<string>YES_ERROR</string>
				<key>CLANG_WARN_EMPTY_BODY</key>
				<string>YES</string>
				<key>CLANG_WARN_ENUM_CONVERSION</key>
				<string>YES</string>
				<key>CLANG_WARN_INT_CONVERSION</key>
				<string>YES</string>
				<key>CLANG_WARN_OBJC_ROOT_CLASS</key>
				<string>YES_ERROR</string>
				<key>CLANG_WARN__DUPLICATE_METHOD_MATCH</key>
				<string>YES</string>
				<key>CODE_SIGN_IDENTITY[sdk=iphoneos*]</key>
				<string>iPhone Developer</string>
				<key>COPY_PHASE_STRIP</key>
				<string>YES</string>
				<key>ENABLE_NS_ASSERTIONS</key>
				<string>NO</string>
				<key>GCC_C_LANGUAGE_STANDARD</key>
				<string>gnu99</string>
				<key>GCC_WARN_64_TO_32_BIT_CONVERSION</key>
				<string>YES</string>
				<key>GCC_WARN_ABOUT_RETURN_TYPE</key>
				<string>YES_ERROR</string>
				<key>GCC_WARN_UNDECLARED_SELECTOR</key>
				<string>YES</string>
				<key>GCC_WARN_UNINITIALIZED_AUTOS</key>
				<string>YES</string>
				<key>GCC_WARN_UNUSED_FUNCTION</key>
				<string>YES</string>
				<key>GCC_WARN_UNUSED_VARIABLE</key>
				<string>YES</string>
				<key>IPHONEOS_DEPLOYMENT_TARGET</key>
				<string>7.0</string>
				<key>SDKROOT</key>
				<string>iphoneos</string>
				<key>TARGETED_DEVICE_FAMILY</key>
				<string>1,2</string>
				<key>VALIDATE_PRODUCT</key>
				<string>YES</string>
			</dict>
			<key>isa</key>
			<string>XCBuildConfiguration</string>
			<key>name</key>
			<string>Release</string>
		</dict>
		<key>88F86F0C186CBF85001FC35E</key>
		<dict>
			<key>buildConfigurations</key>
			<array>
				<string>88F86F0D186CBF85001FC35E</string>
				<string>88F86F0E186CBF85001FC35E</string>
			</array>
			<key>defaultConfigurationIsVisible</key>
			<string>0</string>
			<key>defaultConfigurationName</key>
			<string>Release</string>
			<key>isa</key>
			<string>XCConfigurationList</string>
		</dict>
		<key>88F86F0D186CBF85001FC35E</key>
		<dict>
			<key>baseConfigurationReference</key>
			<string>90ED55163D4513D78AAA4832</string>
			<key>buildSettings</key>
			<dict>
				<key>ASSETCATALOG_COMPILER_APPICON_NAME</key>
				<string>AppIcon</string>
				<key>ASSETCATALOG_COMPILER_LAUNCHIMAGE_NAME</key>
				<string>LaunchImage</string>
				<key>CODE_SIGN_IDENTITY</key>
				<string>iPhone Developer</string>
				<key>CODE_SIGN_IDENTITY[sdk=iphoneos*]</key>
				<string>iPhone Developer</string>
				<key>GCC_PRECOMPILE_PREFIX_HEADER</key>
				<string>YES</string>
				<key>GCC_PREFIX_HEADER</key>
				<string>Freedom Farts/Freedom Farts-Prefix.pch</string>
				<key>INFOPLIST_FILE</key>
				<string>Freedom Farts/Freedom Farts-Info.plist</string>
				<key>PRODUCT_NAME</key>
				<string>$(TARGET_NAME)</string>
				<key>PROVISIONING_PROFILE</key>
				<string>619CB992-09BF-434E-8974-8EFEB2D4F2F5</string>
				<key>TARGETED_DEVICE_FAMILY</key>
				<string>1</string>
				<key>WRAPPER_EXTENSION</key>
				<string>app</string>
			</dict>
			<key>isa</key>
			<string>XCBuildConfiguration</string>
			<key>name</key>
			<string>Debug</string>
		</dict>
		<key>88F86F0E186CBF85001FC35E</key>
		<dict>
			<key>baseConfigurationReference</key>
			<string>DA55AC3E96AAEF65EE0AF6F9</string>
			<key>buildSettings</key>
			<dict>
				<key>ASSETCATALOG_COMPILER_APPICON_NAME</key>
				<string>AppIcon</string>
				<key>ASSETCATALOG_COMPILER_LAUNCHIMAGE_NAME</key>
				<string>LaunchImage</string>
				<key>CODE_SIGN_IDENTITY</key>
				<string>iPhone Developer</string>
				<key>CODE_SIGN_IDENTITY[sdk=iphoneos*]</key>
				<string>iPhone Developer</string>
				<key>GCC_PRECOMPILE_PREFIX_HEADER</key>
				<string>YES</string>
				<key>GCC_PREFIX_HEADER</key>
				<string>Freedom Farts/Freedom Farts-Prefix.pch</string>
				<key>INFOPLIST_FILE</key>
				<string>Freedom Farts/Freedom Farts-Info.plist</string>
				<key>PRODUCT_NAME</key>
				<string>$(TARGET_NAME)</string>
				<key>PROVISIONING_PROFILE</key>
				<string>619CB992-09BF-434E-8974-8EFEB2D4F2F5</string>
				<key>TARGETED_DEVICE_FAMILY</key>
				<string>1</string>
				<key>WRAPPER_EXTENSION</key>
				<string>app</string>
			</dict>
			<key>isa</key>
			<string>XCBuildConfiguration</string>
			<key>name</key>
			<string>Release</string>
		</dict>
		<key>88F86F0F186CBF85001FC35E</key>
		<dict>
			<key>buildConfigurations</key>
			<array>
				<string>88F86F10186CBF85001FC35E</string>
				<string>88F86F11186CBF85001FC35E</string>
			</array>
			<key>defaultConfigurationIsVisible</key>
			<string>0</string>
			<key>defaultConfigurationName</key>
			<string>Release</string>
			<key>isa</key>
			<string>XCConfigurationList</string>
		</dict>
		<key>88F86F10186CBF85001FC35E</key>
		<dict>
			<key>buildSettings</key>
			<dict>
				<key>BUNDLE_LOADER</key>
				<string>$(BUILT_PRODUCTS_DIR)/Freedom Farts.app/Freedom Farts</string>
				<key>FRAMEWORK_SEARCH_PATHS</key>
				<array>
					<string>$(SDKROOT)/Developer/Library/Frameworks</string>
					<string>$(inherited)</string>
					<string>$(DEVELOPER_FRAMEWORKS_DIR)</string>
				</array>
				<key>GCC_PRECOMPILE_PREFIX_HEADER</key>
				<string>YES</string>
				<key>GCC_PREFIX_HEADER</key>
				<string>Freedom Farts/Freedom Farts-Prefix.pch</string>
				<key>GCC_PREPROCESSOR_DEFINITIONS</key>
				<array>
					<string>DEBUG=1</string>
					<string>$(inherited)</string>
				</array>
				<key>INFOPLIST_FILE</key>
				<string>Freedom FartsTests/Freedom FartsTests-Info.plist</string>
				<key>PRODUCT_NAME</key>
				<string>$(TARGET_NAME)</string>
				<key>TEST_HOST</key>
				<string>$(BUNDLE_LOADER)</string>
				<key>WRAPPER_EXTENSION</key>
				<string>xctest</string>
			</dict>
			<key>isa</key>
			<string>XCBuildConfiguration</string>
			<key>name</key>
			<string>Debug</string>
		</dict>
		<key>88F86F11186CBF85001FC35E</key>
		<dict>
			<key>buildSettings</key>
			<dict>
				<key>BUNDLE_LOADER</key>
				<string>$(BUILT_PRODUCTS_DIR)/Freedom Farts.app/Freedom Farts</string>
				<key>FRAMEWORK_SEARCH_PATHS</key>
				<array>
					<string>$(SDKROOT)/Developer/Library/Frameworks</string>
					<string>$(inherited)</string>
					<string>$(DEVELOPER_FRAMEWORKS_DIR)</string>
				</array>
				<key>GCC_PRECOMPILE_PREFIX_HEADER</key>
				<string>YES</string>
				<key>GCC_PREFIX_HEADER</key>
				<string>Freedom Farts/Freedom Farts-Prefix.pch</string>
				<key>INFOPLIST_FILE</key>
				<string>Freedom FartsTests/Freedom FartsTests-Info.plist</string>
				<key>PRODUCT_NAME</key>
				<string>$(TARGET_NAME)</string>
				<key>TEST_HOST</key>
				<string>$(BUNDLE_LOADER)</string>
				<key>WRAPPER_EXTENSION</key>
				<string>xctest</string>
			</dict>
			<key>isa</key>
			<string>XCBuildConfiguration</string>
			<key>name</key>
			<string>Release</string>
		</dict>
		<key>88F86F12186CE600001FC35E</key>
		<dict>
			<key>children</key>
			<array>
				<string>88353A6D1876857100066E59</string>
				<string>88353A6E1876857100066E59</string>
				<string>88353A6F1876857100066E59</string>
				<string>88353A701876857100066E59</string>
				<string>88F86F13186CE600001FC35E</string>
				<string>88F86F14186CE600001FC35E</string>
				<string>88F86F15186CE600001FC35E</string>
				<string>88F86F16186CE600001FC35E</string>
				<string>88F86F17186CE600001FC35E</string>
				<string>88F86F18186CE600001FC35E</string>
			</array>
			<key>isa</key>
			<string>PBXGroup</string>
			<key>path</key>
			<string>Sounds</string>
			<key>sourceTree</key>
			<string>&lt;group&gt;</string>
		</dict>
		<key>88F86F13186CE600001FC35E</key>
		<dict>
			<key>isa</key>
			<string>PBXFileReference</string>
			<key>lastKnownFileType</key>
			<string>audio.wav</string>
			<key>path</key>
			<string>america the fart.wav</string>
			<key>sourceTree</key>
			<string>&lt;group&gt;</string>
		</dict>
		<key>88F86F14186CE600001FC35E</key>
		<dict>
			<key>isa</key>
			<string>PBXFileReference</string>
			<key>lastKnownFileType</key>
			<string>audio.wav</string>
			<key>path</key>
			<string>battle farts of the republic.wav</string>
			<key>sourceTree</key>
			<string>&lt;group&gt;</string>
		</dict>
		<key>88F86F15186CE600001FC35E</key>
		<dict>
			<key>isa</key>
			<string>PBXFileReference</string>
			<key>lastKnownFileType</key>
			<string>audio.wav</string>
			<key>path</key>
			<string>fart spangled banner.wav</string>
			<key>sourceTree</key>
			<string>&lt;group&gt;</string>
		</dict>
		<key>88F86F16186CE600001FC35E</key>
		<dict>
			<key>isa</key>
			<string>PBXFileReference</string>
			<key>lastKnownFileType</key>
			<string>audio.wav</string>
			<key>path</key>
			<string>god fart america.wav</string>
			<key>sourceTree</key>
			<string>&lt;group&gt;</string>
		</dict>
		<key>88F86F17186CE600001FC35E</key>
		<dict>
			<key>isa</key>
			<string>PBXFileReference</string>
			<key>lastKnownFileType</key>
			<string>audio.wav</string>
			<key>path</key>
			<string>my fart tis of thee.wav</string>
			<key>sourceTree</key>
			<string>&lt;group&gt;</string>
		</dict>
		<key>88F86F18186CE600001FC35E</key>
		<dict>
			<key>isa</key>
			<string>PBXFileReference</string>
			<key>lastKnownFileType</key>
			<string>audio.wav</string>
			<key>path</key>
			<string>yankee farter.wav</string>
			<key>sourceTree</key>
			<string>&lt;group&gt;</string>
		</dict>
		<key>88F86F19186CE600001FC35E</key>
		<dict>
			<key>fileRef</key>
			<string>88F86F13186CE600001FC35E</string>
			<key>isa</key>
			<string>PBXBuildFile</string>
		</dict>
		<key>88F86F1A186CE600001FC35E</key>
		<dict>
			<key>fileRef</key>
			<string>88F86F14186CE600001FC35E</string>
			<key>isa</key>
			<string>PBXBuildFile</string>
		</dict>
		<key>88F86F1B186CE600001FC35E</key>
		<dict>
			<key>fileRef</key>
			<string>88F86F15186CE600001FC35E</string>
			<key>isa</key>
			<string>PBXBuildFile</string>
		</dict>
		<key>88F86F1C186CE600001FC35E</key>
		<dict>
			<key>fileRef</key>
			<string>88F86F16186CE600001FC35E</string>
			<key>isa</key>
			<string>PBXBuildFile</string>
		</dict>
		<key>88F86F1D186CE600001FC35E</key>
		<dict>
			<key>fileRef</key>
			<string>88F86F17186CE600001FC35E</string>
			<key>isa</key>
			<string>PBXBuildFile</string>
		</dict>
		<key>88F86F1E186CE600001FC35E</key>
		<dict>
			<key>fileRef</key>
			<string>88F86F18186CE600001FC35E</string>
			<key>isa</key>
			<string>PBXBuildFile</string>
		</dict>
		<key>90ED55163D4513D78AAA4832</key>
		<dict>
			<key>includeInIndex</key>
			<string>1</string>
			<key>isa</key>
			<string>PBXFileReference</string>
			<key>lastKnownFileType</key>
			<string>text.xcconfig</string>
			<key>name</key>
			<string>Pods.debug.xcconfig</string>
			<key>path</key>
			<string>Pods/Target Support Files/Pods/Pods.debug.xcconfig</string>
			<key>sourceTree</key>
			<string>&lt;group&gt;</string>
		</dict>
		<key>C64CE0508C8743EE9C99C0B8</key>
		<dict>
			<key>explicitFileType</key>
			<string>archive.ar</string>
			<key>includeInIndex</key>
			<string>0</string>
			<key>isa</key>
			<string>PBXFileReference</string>
			<key>path</key>
			<string>libPods.a</string>
			<key>sourceTree</key>
			<string>BUILT_PRODUCTS_DIR</string>
		</dict>
		<key>DA55AC3E96AAEF65EE0AF6F9</key>
		<dict>
			<key>includeInIndex</key>
			<string>1</string>
			<key>isa</key>
			<string>PBXFileReference</string>
			<key>lastKnownFileType</key>
			<string>text.xcconfig</string>
			<key>name</key>
			<string>Pods.release.xcconfig</string>
			<key>path</key>
			<string>Pods/Target Support Files/Pods/Pods.release.xcconfig</string>
			<key>sourceTree</key>
			<string>&lt;group&gt;</string>
		</dict>
		<key>DCFBD318ED15448EB995809C</key>
		<dict>
			<key>buildActionMask</key>
			<string>2147483647</string>
			<key>files</key>
			<array/>
			<key>inputPaths</key>
			<array/>
			<key>isa</key>
			<string>PBXShellScriptBuildPhase</string>
			<key>name</key>
			<string>Copy Pods Resources</string>
			<key>outputPaths</key>
			<array/>
			<key>runOnlyForDeploymentPostprocessing</key>
			<string>0</string>
			<key>shellPath</key>
			<string>/bin/sh</string>
			<key>shellScript</key>
			<string>"${SRCROOT}/Pods/Target Support Files/Pods/Pods-resources.sh"
</string>
			<key>showEnvVarsInLog</key>
			<string>0</string>
		</dict>
	</dict>
	<key>rootObject</key>
	<string>88F86ECF186CBF85001FC35E</string>
</dict>
</plist>
