// !$*UTF8*$!
{
	archiveVersion = 1;
	classes = {
	};
	objectVersion = 46;
	objects = {

/* Begin PBXBuildFile section */
		15BEB5205ED14F1DAECAD84B /* libPods.a in Frameworks */ = {isa = PBXBuildFile; fileRef = C64CE0508C8743EE9C99C0B8 /* libPods.a */; };
		88353A631874FB7200066E59 /* FFXWelcomeViewController.m in Sources */ = {isa = PBXBuildFile; fileRef = 88353A601874FB7200066E59 /* FFXWelcomeViewController.m */; };
		88353A641874FB7200066E59 /* FFXWelcomeViewController.xib in Resources */ = {isa = PBXBuildFile; fileRef = 88353A611874FB7200066E59 /* FFXWelcomeViewController.xib */; };
		88353A661874FC9600066E59 /* QuartzCore.framework in Frameworks */ = {isa = PBXBuildFile; fileRef = 88353A651874FC9600066E59 /* QuartzCore.framework */; };
		88353A6918750C0D00066E59 /* UIDevice+FreedomFarts.m in Sources */ = {isa = PBXBuildFile; fileRef = 88353A6818750C0D00066E59 /* UIDevice+FreedomFarts.m */; };
		885599A0186E14C600E310DD /* UIColor+FreedomFarts.m in Sources */ = {isa = PBXBuildFile; fileRef = 8855999F186E14C600E310DD /* UIColor+FreedomFarts.m */; };
		88F86EDB186CBF85001FC35E /* Foundation.framework in Frameworks */ = {isa = PBXBuildFile; fileRef = 88F86EDA186CBF85001FC35E /* Foundation.framework */; };
		88F86EDD186CBF85001FC35E /* CoreGraphics.framework in Frameworks */ = {isa = PBXBuildFile; fileRef = 88F86EDC186CBF85001FC35E /* CoreGraphics.framework */; };
		88F86EDF186CBF85001FC35E /* UIKit.framework in Frameworks */ = {isa = PBXBuildFile; fileRef = 88F86EDE186CBF85001FC35E /* UIKit.framework */; };
		88F86EE5186CBF85001FC35E /* InfoPlist.strings in Resources */ = {isa = PBXBuildFile; fileRef = 88F86EE3186CBF85001FC35E /* InfoPlist.strings */; };
		88F86EE7186CBF85001FC35E /* main.m in Sources */ = {isa = PBXBuildFile; fileRef = 88F86EE6186CBF85001FC35E /* main.m */; };
		88F86EEB186CBF85001FC35E /* FFXAppDelegate.m in Sources */ = {isa = PBXBuildFile; fileRef = 88F86EEA186CBF85001FC35E /* FFXAppDelegate.m */; };
		88F86EEE186CBF85001FC35E /* Main.storyboard in Resources */ = {isa = PBXBuildFile; fileRef = 88F86EEC186CBF85001FC35E /* Main.storyboard */; };
		88F86EF4186CBF85001FC35E /* FFXViewController.m in Sources */ = {isa = PBXBuildFile; fileRef = 88F86EF3186CBF85001FC35E /* FFXViewController.m */; };
		88F86EF6186CBF85001FC35E /* Images.xcassets in Resources */ = {isa = PBXBuildFile; fileRef = 88F86EF5186CBF85001FC35E /* Images.xcassets */; };
		88F86EFD186CBF85001FC35E /* XCTest.framework in Frameworks */ = {isa = PBXBuildFile; fileRef = 88F86EFC186CBF85001FC35E /* XCTest.framework */; };
		88F86EFE186CBF85001FC35E /* Foundation.framework in Frameworks */ = {isa = PBXBuildFile; fileRef = 88F86EDA186CBF85001FC35E /* Foundation.framework */; };
		88F86EFF186CBF85001FC35E /* UIKit.framework in Frameworks */ = {isa = PBXBuildFile; fileRef = 88F86EDE186CBF85001FC35E /* UIKit.framework */; };
		88F86F07186CBF85001FC35E /* InfoPlist.strings in Resources */ = {isa = PBXBuildFile; fileRef = 88F86F05186CBF85001FC35E /* InfoPlist.strings */; };
		88F86F09186CBF85001FC35E /* Freedom_FartsTests.m in Sources */ = {isa = PBXBuildFile; fileRef = 88F86F08186CBF85001FC35E /* Freedom_FartsTests.m */; };
		88F86F19186CE600001FC35E /* america the fart.wav in Resources */ = {isa = PBXBuildFile; fileRef = 88F86F13186CE600001FC35E /* america the fart.wav */; };
		88F86F1A186CE600001FC35E /* battle farts of the republic.wav in Resources */ = {isa = PBXBuildFile; fileRef = 88F86F14186CE600001FC35E /* battle farts of the republic.wav */; };
		88F86F1B186CE600001FC35E /* fart spangled banner.wav in Resources */ = {isa = PBXBuildFile; fileRef = 88F86F15186CE600001FC35E /* fart spangled banner.wav */; };
		88F86F1C186CE600001FC35E /* god fart america.wav in Resources */ = {isa = PBXBuildFile; fileRef = 88F86F16186CE600001FC35E /* god fart america.wav */; };
		88F86F1D186CE600001FC35E /* my fart tis of thee.wav in Resources */ = {isa = PBXBuildFile; fileRef = 88F86F17186CE600001FC35E /* my fart tis of thee.wav */; };
		88F86F1E186CE600001FC35E /* yankee farter.wav in Resources */ = {isa = PBXBuildFile; fileRef = 88F86F18186CE600001FC35E /* yankee farter.wav */; };
/* End PBXBuildFile section */

/* Begin PBXContainerItemProxy section */
		88F86F00186CBF85001FC35E /* PBXContainerItemProxy */ = {
			isa = PBXContainerItemProxy;
			containerPortal = 88F86ECF186CBF85001FC35E /* Project object */;
			proxyType = 1;
			remoteGlobalIDString = 88F86ED6186CBF85001FC35E;
			remoteInfo = "Freedom Farts";
		};
/* End PBXContainerItemProxy section */

/* Begin PBXFileReference section */
		06E9FE680E5E4C6BB49682EE /* Pods.xcconfig */ = {isa = PBXFileReference; includeInIndex = 1; lastKnownFileType = text.xcconfig; name = Pods.xcconfig; path = Pods/Pods.xcconfig; sourceTree = "<group>"; };
		88353A601874FB7200066E59 /* FFXWelcomeViewController.m */ = {isa = PBXFileReference; fileEncoding = 4; lastKnownFileType = sourcecode.c.objc; path = FFXWelcomeViewController.m; sourceTree = "<group>"; };
		88353A611874FB7200066E59 /* FFXWelcomeViewController.xib */ = {isa = PBXFileReference; fileEncoding = 4; lastKnownFileType = file.xib; path = FFXWelcomeViewController.xib; sourceTree = "<group>"; };
		88353A621874FB7200066E59 /* FFXWelcomeViewController.h */ = {isa = PBXFileReference; fileEncoding = 4; lastKnownFileType = sourcecode.c.h; path = FFXWelcomeViewController.h; sourceTree = "<group>"; };
		88353A651874FC9600066E59 /* QuartzCore.framework */ = {isa = PBXFileReference; lastKnownFileType = wrapper.framework; name = QuartzCore.framework; path = System/Library/Frameworks/QuartzCore.framework; sourceTree = SDKROOT; };
		88353A6718750C0D00066E59 /* UIDevice+FreedomFarts.h */ = {isa = PBXFileReference; fileEncoding = 4; lastKnownFileType = sourcecode.c.h; path = "UIDevice+FreedomFarts.h"; sourceTree = "<group>"; };
		88353A6818750C0D00066E59 /* UIDevice+FreedomFarts.m */ = {isa = PBXFileReference; fileEncoding = 4; lastKnownFileType = sourcecode.c.objc; path = "UIDevice+FreedomFarts.m"; sourceTree = "<group>"; };
		8855999E186E14C600E310DD /* UIColor+FreedomFarts.h */ = {isa = PBXFileReference; fileEncoding = 4; lastKnownFileType = sourcecode.c.h; path = "UIColor+FreedomFarts.h"; sourceTree = "<group>"; };
		8855999F186E14C600E310DD /* UIColor+FreedomFarts.m */ = {isa = PBXFileReference; fileEncoding = 4; lastKnownFileType = sourcecode.c.objc; path = "UIColor+FreedomFarts.m"; sourceTree = "<group>"; };
		88F86ED7186CBF85001FC35E /* Freedom Farts.app */ = {isa = PBXFileReference; explicitFileType = wrapper.application; includeInIndex = 0; path = "Freedom Farts.app"; sourceTree = BUILT_PRODUCTS_DIR; };
		88F86EDA186CBF85001FC35E /* Foundation.framework */ = {isa = PBXFileReference; lastKnownFileType = wrapper.framework; name = Foundation.framework; path = System/Library/Frameworks/Foundation.framework; sourceTree = SDKROOT; };
		88F86EDC186CBF85001FC35E /* CoreGraphics.framework */ = {isa = PBXFileReference; lastKnownFileType = wrapper.framework; name = CoreGraphics.framework; path = System/Library/Frameworks/CoreGraphics.framework; sourceTree = SDKROOT; };
		88F86EDE186CBF85001FC35E /* UIKit.framework */ = {isa = PBXFileReference; lastKnownFileType = wrapper.framework; name = UIKit.framework; path = System/Library/Frameworks/UIKit.framework; sourceTree = SDKROOT; };
		88F86EE2186CBF85001FC35E /* Freedom Farts-Info.plist */ = {isa = PBXFileReference; lastKnownFileType = text.plist.xml; path = "Freedom Farts-Info.plist"; sourceTree = "<group>"; };
		88F86EE4186CBF85001FC35E /* en */ = {isa = PBXFileReference; lastKnownFileType = text.plist.strings; name = en; path = en.lproj/InfoPlist.strings; sourceTree = "<group>"; };
		88F86EE6186CBF85001FC35E /* main.m */ = {isa = PBXFileReference; lastKnownFileType = sourcecode.c.objc; path = main.m; sourceTree = "<group>"; };
		88F86EE8186CBF85001FC35E /* Freedom Farts-Prefix.pch */ = {isa = PBXFileReference; lastKnownFileType = sourcecode.c.h; path = "Freedom Farts-Prefix.pch"; sourceTree = "<group>"; };
		88F86EE9186CBF85001FC35E /* FFXAppDelegate.h */ = {isa = PBXFileReference; lastKnownFileType = sourcecode.c.h; path = FFXAppDelegate.h; sourceTree = "<group>"; };
		88F86EEA186CBF85001FC35E /* FFXAppDelegate.m */ = {isa = PBXFileReference; lastKnownFileType = sourcecode.c.objc; path = FFXAppDelegate.m; sourceTree = "<group>"; };
		88F86EED186CBF85001FC35E /* Base */ = {isa = PBXFileReference; lastKnownFileType = file.storyboard; name = Base; path = Base.lproj/Main.storyboard; sourceTree = "<group>"; };
		88F86EF2186CBF85001FC35E /* FFXViewController.h */ = {isa = PBXFileReference; lastKnownFileType = sourcecode.c.h; path = FFXViewController.h; sourceTree = "<group>"; };
		88F86EF3186CBF85001FC35E /* FFXViewController.m */ = {isa = PBXFileReference; lastKnownFileType = sourcecode.c.objc; path = FFXViewController.m; sourceTree = "<group>"; };
		88F86EF5186CBF85001FC35E /* Images.xcassets */ = {isa = PBXFileReference; lastKnownFileType = folder.assetcatalog; path = Images.xcassets; sourceTree = "<group>"; };
		88F86EFB186CBF85001FC35E /* Freedom FartsTests.xctest */ = {isa = PBXFileReference; explicitFileType = wrapper.cfbundle; includeInIndex = 0; path = "Freedom FartsTests.xctest"; sourceTree = BUILT_PRODUCTS_DIR; };
		88F86EFC186CBF85001FC35E /* XCTest.framework */ = {isa = PBXFileReference; lastKnownFileType = wrapper.framework; name = XCTest.framework; path = Library/Frameworks/XCTest.framework; sourceTree = DEVELOPER_DIR; };
		88F86F04186CBF85001FC35E /* Freedom FartsTests-Info.plist */ = {isa = PBXFileReference; lastKnownFileType = text.plist.xml; path = "Freedom FartsTests-Info.plist"; sourceTree = "<group>"; };
		88F86F06186CBF85001FC35E /* en */ = {isa = PBXFileReference; lastKnownFileType = text.plist.strings; name = en; path = en.lproj/InfoPlist.strings; sourceTree = "<group>"; };
		88F86F08186CBF85001FC35E /* Freedom_FartsTests.m */ = {isa = PBXFileReference; lastKnownFileType = sourcecode.c.objc; path = Freedom_FartsTests.m; sourceTree = "<group>"; };
		88F86F13186CE600001FC35E /* america the fart.wav */ = {isa = PBXFileReference; lastKnownFileType = audio.wav; path = "america the fart.wav"; sourceTree = "<group>"; };
		88F86F14186CE600001FC35E /* battle farts of the republic.wav */ = {isa = PBXFileReference; lastKnownFileType = audio.wav; path = "battle farts of the republic.wav"; sourceTree = "<group>"; };
		88F86F15186CE600001FC35E /* fart spangled banner.wav */ = {isa = PBXFileReference; lastKnownFileType = audio.wav; path = "fart spangled banner.wav"; sourceTree = "<group>"; };
		88F86F16186CE600001FC35E /* god fart america.wav */ = {isa = PBXFileReference; lastKnownFileType = audio.wav; path = "god fart america.wav"; sourceTree = "<group>"; };
		88F86F17186CE600001FC35E /* my fart tis of thee.wav */ = {isa = PBXFileReference; lastKnownFileType = audio.wav; path = "my fart tis of thee.wav"; sourceTree = "<group>"; };
		88F86F18186CE600001FC35E /* yankee farter.wav */ = {isa = PBXFileReference; lastKnownFileType = audio.wav; path = "yankee farter.wav"; sourceTree = "<group>"; };
		C64CE0508C8743EE9C99C0B8 /* libPods.a */ = {isa = PBXFileReference; explicitFileType = archive.ar; includeInIndex = 0; path = libPods.a; sourceTree = BUILT_PRODUCTS_DIR; };
/* End PBXFileReference section */

/* Begin PBXFrameworksBuildPhase section */
		88F86ED4186CBF85001FC35E /* Frameworks */ = {
			isa = PBXFrameworksBuildPhase;
			buildActionMask = 2147483647;
			files = (
				88353A661874FC9600066E59 /* QuartzCore.framework in Frameworks */,
				88F86EDD186CBF85001FC35E /* CoreGraphics.framework in Frameworks */,
				88F86EDF186CBF85001FC35E /* UIKit.framework in Frameworks */,
				88F86EDB186CBF85001FC35E /* Foundation.framework in Frameworks */,
				15BEB5205ED14F1DAECAD84B /* libPods.a in Frameworks */,
			);
			runOnlyForDeploymentPostprocessing = 0;
		};
		88F86EF8186CBF85001FC35E /* Frameworks */ = {
			isa = PBXFrameworksBuildPhase;
			buildActionMask = 2147483647;
			files = (
				88F86EFD186CBF85001FC35E /* XCTest.framework in Frameworks */,
				88F86EFF186CBF85001FC35E /* UIKit.framework in Frameworks */,
				88F86EFE186CBF85001FC35E /* Foundation.framework in Frameworks */,
			);
			runOnlyForDeploymentPostprocessing = 0;
		};
/* End PBXFrameworksBuildPhase section */

/* Begin PBXGroup section */
		88F86ECE186CBF85001FC35E = {
			isa = PBXGroup;
			children = (
				88F86EE0186CBF85001FC35E /* Freedom Farts */,
				88F86F02186CBF85001FC35E /* Freedom FartsTests */,
				88F86ED9186CBF85001FC35E /* Frameworks */,
				88F86ED8186CBF85001FC35E /* Products */,
				06E9FE680E5E4C6BB49682EE /* Pods.xcconfig */,
			);
			sourceTree = "<group>";
		};
		88F86ED8186CBF85001FC35E /* Products */ = {
			isa = PBXGroup;
			children = (
				88F86ED7186CBF85001FC35E /* Freedom Farts.app */,
				88F86EFB186CBF85001FC35E /* Freedom FartsTests.xctest */,
			);
			name = Products;
			sourceTree = "<group>";
		};
		88F86ED9186CBF85001FC35E /* Frameworks */ = {
			isa = PBXGroup;
			children = (
				88F86EDC186CBF85001FC35E /* CoreGraphics.framework */,
				88F86EDA186CBF85001FC35E /* Foundation.framework */,
				C64CE0508C8743EE9C99C0B8 /* libPods.a */,
				88353A651874FC9600066E59 /* QuartzCore.framework */,
				88F86EDE186CBF85001FC35E /* UIKit.framework */,
				88F86EFC186CBF85001FC35E /* XCTest.framework */,
			);
			name = Frameworks;
			sourceTree = "<group>";
		};
		88F86EE0186CBF85001FC35E /* Freedom Farts */ = {
			isa = PBXGroup;
			children = (
				88F86EE9186CBF85001FC35E /* FFXAppDelegate.h */,
				88F86EEA186CBF85001FC35E /* FFXAppDelegate.m */,
				88F86EF2186CBF85001FC35E /* FFXViewController.h */,
				88F86EF3186CBF85001FC35E /* FFXViewController.m */,
				88353A621874FB7200066E59 /* FFXWelcomeViewController.h */,
				88353A601874FB7200066E59 /* FFXWelcomeViewController.m */,
				88353A611874FB7200066E59 /* FFXWelcomeViewController.xib */,
				88F86EF5186CBF85001FC35E /* Images.xcassets */,
				88F86EEC186CBF85001FC35E /* Main.storyboard */,
				88F86F12186CE600001FC35E /* Sounds */,
				88F86EE1186CBF85001FC35E /* Supporting Files */,
				8855999E186E14C600E310DD /* UIColor+FreedomFarts.h */,
				8855999F186E14C600E310DD /* UIColor+FreedomFarts.m */,
				88353A6718750C0D00066E59 /* UIDevice+FreedomFarts.h */,
				88353A6818750C0D00066E59 /* UIDevice+FreedomFarts.m */,
			);
			path = "Freedom Farts";
			sourceTree = "<group>";
		};
		88F86EE1186CBF85001FC35E /* Supporting Files */ = {
			isa = PBXGroup;
			children = (
				88F86EE2186CBF85001FC35E /* Freedom Farts-Info.plist */,
				88F86EE3186CBF85001FC35E /* InfoPlist.strings */,
				88F86EE6186CBF85001FC35E /* main.m */,
				88F86EE8186CBF85001FC35E /* Freedom Farts-Prefix.pch */,
			);
			name = "Supporting Files";
			sourceTree = "<group>";
		};
		88F86F02186CBF85001FC35E /* Freedom FartsTests */ = {
			isa = PBXGroup;
			children = (
				88F86F08186CBF85001FC35E /* Freedom_FartsTests.m */,
				88F86F03186CBF85001FC35E /* Supporting Files */,
			);
			path = "Freedom FartsTests";
			sourceTree = "<group>";
		};
		88F86F03186CBF85001FC35E /* Supporting Files */ = {
			isa = PBXGroup;
			children = (
				88F86F04186CBF85001FC35E /* Freedom FartsTests-Info.plist */,
				88F86F05186CBF85001FC35E /* InfoPlist.strings */,
			);
			name = "Supporting Files";
			sourceTree = "<group>";
		};
		88F86F12186CE600001FC35E /* Sounds */ = {
			isa = PBXGroup;
			children = (
				88F86F13186CE600001FC35E /* america the fart.wav */,
				88F86F14186CE600001FC35E /* battle farts of the republic.wav */,
				88F86F15186CE600001FC35E /* fart spangled banner.wav */,
				88F86F16186CE600001FC35E /* god fart america.wav */,
				88F86F17186CE600001FC35E /* my fart tis of thee.wav */,
				88F86F18186CE600001FC35E /* yankee farter.wav */,
			);
			path = Sounds;
			sourceTree = "<group>";
		};
/* End PBXGroup section */

/* Begin PBXNativeTarget section */
		88F86ED6186CBF85001FC35E /* Freedom Farts */ = {
			isa = PBXNativeTarget;
			buildConfigurationList = 88F86F0C186CBF85001FC35E /* Build configuration list for PBXNativeTarget "Freedom Farts" */;
			buildPhases = (
				353BE2BA028148FA88E8360D /* Check Pods Manifest.lock */,
				88F86ED3186CBF85001FC35E /* Sources */,
				88F86ED4186CBF85001FC35E /* Frameworks */,
				88F86ED5186CBF85001FC35E /* Resources */,
				DCFBD318ED15448EB995809C /* Copy Pods Resources */,
			);
			buildRules = (
			);
			dependencies = (
			);
			name = "Freedom Farts";
			productName = "Freedom Farts";
			productReference = 88F86ED7186CBF85001FC35E /* Freedom Farts.app */;
			productType = "com.apple.product-type.application";
		};
		88F86EFA186CBF85001FC35E /* Freedom FartsTests */ = {
			isa = PBXNativeTarget;
			buildConfigurationList = 88F86F0F186CBF85001FC35E /* Build configuration list for PBXNativeTarget "Freedom FartsTests" */;
			buildPhases = (
				88F86EF7186CBF85001FC35E /* Sources */,
				88F86EF8186CBF85001FC35E /* Frameworks */,
				88F86EF9186CBF85001FC35E /* Resources */,
			);
			buildRules = (
			);
			dependencies = (
				88F86F01186CBF85001FC35E /* PBXTargetDependency */,
			);
			name = "Freedom FartsTests";
			productName = "Freedom FartsTests";
			productReference = 88F86EFB186CBF85001FC35E /* Freedom FartsTests.xctest */;
			productType = "com.apple.product-type.bundle.unit-test";
		};
/* End PBXNativeTarget section */

/* Begin PBXProject section */
		88F86ECF186CBF85001FC35E /* Project object */ = {
			isa = PBXProject;
			attributes = {
				CLASSPREFIX = FFX;
				LastUpgradeCheck = 0500;
				ORGANIZATIONNAME = "Hexed Bits";
				TargetAttributes = {
					88F86ED6186CBF85001FC35E = {
						DevelopmentTeam = 5VRJU68BZ5;
					};
					88F86EFA186CBF85001FC35E = {
						TestTargetID = 88F86ED6186CBF85001FC35E;
					};
				};
			};
			buildConfigurationList = 88F86ED2186CBF85001FC35E /* Build configuration list for PBXProject "Freedom Farts" */;
			compatibilityVersion = "Xcode 3.2";
			developmentRegion = English;
			hasScannedForEncodings = 0;
			knownRegions = (
				en,
				Base,
			);
			mainGroup = 88F86ECE186CBF85001FC35E;
			productRefGroup = 88F86ED8186CBF85001FC35E /* Products */;
			projectDirPath = "";
			projectRoot = "";
			targets = (
				88F86ED6186CBF85001FC35E /* Freedom Farts */,
				88F86EFA186CBF85001FC35E /* Freedom FartsTests */,
			);
		};
/* End PBXProject section */

/* Begin PBXResourcesBuildPhase section */
		88F86ED5186CBF85001FC35E /* Resources */ = {
			isa = PBXResourcesBuildPhase;
			buildActionMask = 2147483647;
			files = (
				88F86F1A186CE600001FC35E /* battle farts of the republic.wav in Resources */,
				88F86F1C186CE600001FC35E /* god fart america.wav in Resources */,
				88F86F19186CE600001FC35E /* america the fart.wav in Resources */,
				88353A641874FB7200066E59 /* FFXWelcomeViewController.xib in Resources */,
				88F86EF6186CBF85001FC35E /* Images.xcassets in Resources */,
				88F86F1D186CE600001FC35E /* my fart tis of thee.wav in Resources */,
				88F86EEE186CBF85001FC35E /* Main.storyboard in Resources */,
				88F86EE5186CBF85001FC35E /* InfoPlist.strings in Resources */,
				88F86F1E186CE600001FC35E /* yankee farter.wav in Resources */,
				88F86F1B186CE600001FC35E /* fart spangled banner.wav in Resources */,
			);
			runOnlyForDeploymentPostprocessing = 0;
		};
		88F86EF9186CBF85001FC35E /* Resources */ = {
			isa = PBXResourcesBuildPhase;
			buildActionMask = 2147483647;
			files = (
				88F86F07186CBF85001FC35E /* InfoPlist.strings in Resources */,
			);
			runOnlyForDeploymentPostprocessing = 0;
		};
/* End PBXResourcesBuildPhase section */

/* Begin PBXShellScriptBuildPhase section */
		353BE2BA028148FA88E8360D /* Check Pods Manifest.lock */ = {
			isa = PBXShellScriptBuildPhase;
			buildActionMask = 2147483647;
			files = (
			);
			inputPaths = (
			);
			name = "Check Pods Manifest.lock";
			outputPaths = (
			);
			runOnlyForDeploymentPostprocessing = 0;
			shellPath = /bin/sh;
			shellScript = "diff \"${PODS_ROOT}/../Podfile.lock\" \"${PODS_ROOT}/Manifest.lock\" > /dev/null\nif [[ $? != 0 ]] ; then\n    cat << EOM\nerror: The sandbox is not in sync with the Podfile.lock. Run 'pod install' or update your CocoaPods installation.\nEOM\n    exit 1\nfi\n";
			showEnvVarsInLog = 0;
		};
		DCFBD318ED15448EB995809C /* Copy Pods Resources */ = {
			isa = PBXShellScriptBuildPhase;
			buildActionMask = 2147483647;
			files = (
			);
			inputPaths = (
			);
			name = "Copy Pods Resources";
			outputPaths = (
			);
			runOnlyForDeploymentPostprocessing = 0;
			shellPath = /bin/sh;
			shellScript = "\"${SRCROOT}/Pods/Pods-resources.sh\"\n";
			showEnvVarsInLog = 0;
		};
/* End PBXShellScriptBuildPhase section */

/* Begin PBXSourcesBuildPhase section */
		88F86ED3186CBF85001FC35E /* Sources */ = {
			isa = PBXSourcesBuildPhase;
			buildActionMask = 2147483647;
			files = (
				88353A631874FB7200066E59 /* FFXWelcomeViewController.m in Sources */,
				88F86EF4186CBF85001FC35E /* FFXViewController.m in Sources */,
				88F86EE7186CBF85001FC35E /* main.m in Sources */,
				88F86EEB186CBF85001FC35E /* FFXAppDelegate.m in Sources */,
				885599A0186E14C600E310DD /* UIColor+FreedomFarts.m in Sources */,
				88353A6918750C0D00066E59 /* UIDevice+FreedomFarts.m in Sources */,
			);
			runOnlyForDeploymentPostprocessing = 0;
		};
		88F86EF7186CBF85001FC35E /* Sources */ = {
			isa = PBXSourcesBuildPhase;
			buildActionMask = 2147483647;
			files = (
				88F86F09186CBF85001FC35E /* Freedom_FartsTests.m in Sources */,
			);
			runOnlyForDeploymentPostprocessing = 0;
		};
/* End PBXSourcesBuildPhase section */

/* Begin PBXTargetDependency section */
		88F86F01186CBF85001FC35E /* PBXTargetDependency */ = {
			isa = PBXTargetDependency;
			target = 88F86ED6186CBF85001FC35E /* Freedom Farts */;
			targetProxy = 88F86F00186CBF85001FC35E /* PBXContainerItemProxy */;
		};
/* End PBXTargetDependency section */

/* Begin PBXVariantGroup section */
		88F86EE3186CBF85001FC35E /* InfoPlist.strings */ = {
			isa = PBXVariantGroup;
			children = (
				88F86EE4186CBF85001FC35E /* en */,
			);
			name = InfoPlist.strings;
			sourceTree = "<group>";
		};
		88F86EEC186CBF85001FC35E /* Main.storyboard */ = {
			isa = PBXVariantGroup;
			children = (
				88F86EED186CBF85001FC35E /* Base */,
			);
			name = Main.storyboard;
			sourceTree = "<group>";
		};
		88F86F05186CBF85001FC35E /* InfoPlist.strings */ = {
			isa = PBXVariantGroup;
			children = (
				88F86F06186CBF85001FC35E /* en */,
			);
			name = InfoPlist.strings;
			sourceTree = "<group>";
		};
/* End PBXVariantGroup section */

/* Begin XCBuildConfiguration section */
		88F86F0A186CBF85001FC35E /* Debug */ = {
			isa = XCBuildConfiguration;
			buildSettings = {
				ALWAYS_SEARCH_USER_PATHS = NO;
				ARCHS = "$(ARCHS_STANDARD_INCLUDING_64_BIT)";
				CLANG_CXX_LANGUAGE_STANDARD = "gnu++0x";
				CLANG_CXX_LIBRARY = "libc++";
				CLANG_ENABLE_MODULES = YES;
				CLANG_ENABLE_OBJC_ARC = YES;
				CLANG_WARN_BOOL_CONVERSION = YES;
				CLANG_WARN_CONSTANT_CONVERSION = YES;
				CLANG_WARN_DIRECT_OBJC_ISA_USAGE = YES_ERROR;
				CLANG_WARN_EMPTY_BODY = YES;
				CLANG_WARN_ENUM_CONVERSION = YES;
				CLANG_WARN_INT_CONVERSION = YES;
				CLANG_WARN_OBJC_ROOT_CLASS = YES_ERROR;
				CLANG_WARN__DUPLICATE_METHOD_MATCH = YES;
				"CODE_SIGN_IDENTITY[sdk=iphoneos*]" = "iPhone Developer";
				COPY_PHASE_STRIP = NO;
				GCC_C_LANGUAGE_STANDARD = gnu99;
				GCC_DYNAMIC_NO_PIC = NO;
				GCC_OPTIMIZATION_LEVEL = 0;
				GCC_PREPROCESSOR_DEFINITIONS = (
					"DEBUG=1",
					"$(inherited)",
				);
				GCC_SYMBOLS_PRIVATE_EXTERN = NO;
				GCC_WARN_64_TO_32_BIT_CONVERSION = YES;
				GCC_WARN_ABOUT_RETURN_TYPE = YES_ERROR;
				GCC_WARN_UNDECLARED_SELECTOR = YES;
				GCC_WARN_UNINITIALIZED_AUTOS = YES;
				GCC_WARN_UNUSED_FUNCTION = YES;
				GCC_WARN_UNUSED_VARIABLE = YES;
				IPHONEOS_DEPLOYMENT_TARGET = 7.0;
				ONLY_ACTIVE_ARCH = YES;
				SDKROOT = iphoneos;
				TARGETED_DEVICE_FAMILY = "1,2";
			};
			name = Debug;
		};
		88F86F0B186CBF85001FC35E /* Release */ = {
			isa = XCBuildConfiguration;
			buildSettings = {
				ALWAYS_SEARCH_USER_PATHS = NO;
				ARCHS = "$(ARCHS_STANDARD_INCLUDING_64_BIT)";
				CLANG_CXX_LANGUAGE_STANDARD = "gnu++0x";
				CLANG_CXX_LIBRARY = "libc++";
				CLANG_ENABLE_MODULES = YES;
				CLANG_ENABLE_OBJC_ARC = YES;
				CLANG_WARN_BOOL_CONVERSION = YES;
				CLANG_WARN_CONSTANT_CONVERSION = YES;
				CLANG_WARN_DIRECT_OBJC_ISA_USAGE = YES_ERROR;
				CLANG_WARN_EMPTY_BODY = YES;
				CLANG_WARN_ENUM_CONVERSION = YES;
				CLANG_WARN_INT_CONVERSION = YES;
				CLANG_WARN_OBJC_ROOT_CLASS = YES_ERROR;
				CLANG_WARN__DUPLICATE_METHOD_MATCH = YES;
				"CODE_SIGN_IDENTITY[sdk=iphoneos*]" = "iPhone Developer";
				COPY_PHASE_STRIP = YES;
				ENABLE_NS_ASSERTIONS = NO;
				GCC_C_LANGUAGE_STANDARD = gnu99;
				GCC_WARN_64_TO_32_BIT_CONVERSION = YES;
				GCC_WARN_ABOUT_RETURN_TYPE = YES_ERROR;
				GCC_WARN_UNDECLARED_SELECTOR = YES;
				GCC_WARN_UNINITIALIZED_AUTOS = YES;
				GCC_WARN_UNUSED_FUNCTION = YES;
				GCC_WARN_UNUSED_VARIABLE = YES;
				IPHONEOS_DEPLOYMENT_TARGET = 7.0;
				SDKROOT = iphoneos;
				TARGETED_DEVICE_FAMILY = "1,2";
				VALIDATE_PRODUCT = YES;
			};
			name = Release;
		};
		88F86F0D186CBF85001FC35E /* Debug */ = {
			isa = XCBuildConfiguration;
			baseConfigurationReference = 06E9FE680E5E4C6BB49682EE /* Pods.xcconfig */;
			buildSettings = {
				ASSETCATALOG_COMPILER_APPICON_NAME = AppIcon;
				ASSETCATALOG_COMPILER_LAUNCHIMAGE_NAME = LaunchImage;
				CODE_SIGN_IDENTITY = "iPhone Developer";
				"CODE_SIGN_IDENTITY[sdk=iphoneos*]" = "iPhone Developer";
				GCC_PRECOMPILE_PREFIX_HEADER = YES;
				GCC_PREFIX_HEADER = "Freedom Farts/Freedom Farts-Prefix.pch";
				INFOPLIST_FILE = "Freedom Farts/Freedom Farts-Info.plist";
				PRODUCT_NAME = "$(TARGET_NAME)";
				PROVISIONING_PROFILE = "619CB992-09BF-434E-8974-8EFEB2D4F2F5";
				TARGETED_DEVICE_FAMILY = 1;
				WRAPPER_EXTENSION = app;
			};
			name = Debug;
		};
		88F86F0E186CBF85001FC35E /* Release */ = {
			isa = XCBuildConfiguration;
			baseConfigurationReference = 06E9FE680E5E4C6BB49682EE /* Pods.xcconfig */;
			buildSettings = {
				ASSETCATALOG_COMPILER_APPICON_NAME = AppIcon;
				ASSETCATALOG_COMPILER_LAUNCHIMAGE_NAME = LaunchImage;
				CODE_SIGN_IDENTITY = "iPhone Developer";
				"CODE_SIGN_IDENTITY[sdk=iphoneos*]" = "iPhone Developer";
				GCC_PRECOMPILE_PREFIX_HEADER = YES;
				GCC_PREFIX_HEADER = "Freedom Farts/Freedom Farts-Prefix.pch";
				INFOPLIST_FILE = "Freedom Farts/Freedom Farts-Info.plist";
				PRODUCT_NAME = "$(TARGET_NAME)";
				PROVISIONING_PROFILE = "619CB992-09BF-434E-8974-8EFEB2D4F2F5";
				TARGETED_DEVICE_FAMILY = 1;
				WRAPPER_EXTENSION = app;
			};
			name = Release;
		};
		88F86F10186CBF85001FC35E /* Debug */ = {
			isa = XCBuildConfiguration;
			buildSettings = {
				ARCHS = "$(ARCHS_STANDARD_INCLUDING_64_BIT)";
				BUNDLE_LOADER = "$(BUILT_PRODUCTS_DIR)/Freedom Farts.app/Freedom Farts";
				FRAMEWORK_SEARCH_PATHS = (
					"$(SDKROOT)/Developer/Library/Frameworks",
					"$(inherited)",
					"$(DEVELOPER_FRAMEWORKS_DIR)",
				);
				GCC_PRECOMPILE_PREFIX_HEADER = YES;
				GCC_PREFIX_HEADER = "Freedom Farts/Freedom Farts-Prefix.pch";
				GCC_PREPROCESSOR_DEFINITIONS = (
					"DEBUG=1",
					"$(inherited)",
				);
				INFOPLIST_FILE = "Freedom FartsTests/Freedom FartsTests-Info.plist";
				PRODUCT_NAME = "$(TARGET_NAME)";
				TEST_HOST = "$(BUNDLE_LOADER)";
				WRAPPER_EXTENSION = xctest;
			};
			name = Debug;
		};
		88F86F11186CBF85001FC35E /* Release */ = {
			isa = XCBuildConfiguration;
			buildSettings = {
				ARCHS = "$(ARCHS_STANDARD_INCLUDING_64_BIT)";
				BUNDLE_LOADER = "$(BUILT_PRODUCTS_DIR)/Freedom Farts.app/Freedom Farts";
				FRAMEWORK_SEARCH_PATHS = (
					"$(SDKROOT)/Developer/Library/Frameworks",
					"$(inherited)",
					"$(DEVELOPER_FRAMEWORKS_DIR)",
				);
				GCC_PRECOMPILE_PREFIX_HEADER = YES;
				GCC_PREFIX_HEADER = "Freedom Farts/Freedom Farts-Prefix.pch";
				INFOPLIST_FILE = "Freedom FartsTests/Freedom FartsTests-Info.plist";
				PRODUCT_NAME = "$(TARGET_NAME)";
				TEST_HOST = "$(BUNDLE_LOADER)";
				WRAPPER_EXTENSION = xctest;
			};
			name = Release;
		};
/* End XCBuildConfiguration section */

/* Begin XCConfigurationList section */
		88F86ED2186CBF85001FC35E /* Build configuration list for PBXProject "Freedom Farts" */ = {
			isa = XCConfigurationList;
			buildConfigurations = (
				88F86F0A186CBF85001FC35E /* Debug */,
				88F86F0B186CBF85001FC35E /* Release */,
			);
			defaultConfigurationIsVisible = 0;
			defaultConfigurationName = Release;
		};
		88F86F0C186CBF85001FC35E /* Build configuration list for PBXNativeTarget "Freedom Farts" */ = {
			isa = XCConfigurationList;
			buildConfigurations = (
				88F86F0D186CBF85001FC35E /* Debug */,
				88F86F0E186CBF85001FC35E /* Release */,
			);
			defaultConfigurationIsVisible = 0;
			defaultConfigurationName = Release;
		};
		88F86F0F186CBF85001FC35E /* Build configuration list for PBXNativeTarget "Freedom FartsTests" */ = {
			isa = XCConfigurationList;
			buildConfigurations = (
				88F86F10186CBF85001FC35E /* Debug */,
				88F86F11186CBF85001FC35E /* Release */,
			);
			defaultConfigurationIsVisible = 0;
			defaultConfigurationName = Release;
		};
/* End XCConfigurationList section */
	};
	rootObject = 88F86ECF186CBF85001FC35E /* Project object */;
}
